
Microsoft Visual Studio Solution File, Format Version 12.00
# Visual Studio Version 17
VisualStudioVersion = 17.5.33530.505
MinimumVisualStudioVersion = 10.0.40219.1
Project("{9A19103F-16F7-4668-BE54-9A1E7A4F7556}") = "Geranium.Modules", "Geranium.Modules\Geranium.Modules.csproj", "{57727203-521C-4740-A437-D352ECD12B23}"
EndProject
Project("{9A19103F-16F7-4668-BE54-9A1E7A4F7556}") = "Geranium.Modules.Tests", "Geranium.Modules.Tests\Geranium.Modules.Tests.csproj", "{0D82B00A-1190-434A-856C-3C635DBFC687}"
EndProject
Project("{FAE04EC0-301F-11D3-BF4B-00C04F79EFBC}") = "Geranium.Modules.TestModule1", "Geranium.Modules.TestModule1\Geranium.Modules.TestModule1.csproj", "{D44F1242-F340-41B9-9472-89B03110AD04}"
EndProject
Project("{FAE04EC0-301F-11D3-BF4B-00C04F79EFBC}") = "Geranium.Modules.CastleWindsor", "Geranium.Modules.CastleWindsor\Geranium.Modules.CastleWindsor.csproj", "{87FCC873-5DA4-4C84-81E3-1C18C8BA5DD9}"
EndProject
Global
	GlobalSection(SolutionConfigurationPlatforms) = preSolution
		Debug|Any CPU = Debug|Any CPU
		Release|Any CPU = Release|Any CPU
	EndGlobalSection
	GlobalSection(ProjectConfigurationPlatforms) = postSolution
		{57727203-521C-4740-A437-D352ECD12B23}.Debug|Any CPU.ActiveCfg = Debug|Any CPU
		{57727203-521C-4740-A437-D352ECD12B23}.Debug|Any CPU.Build.0 = Debug|Any CPU
		{57727203-521C-4740-A437-D352ECD12B23}.Release|Any CPU.ActiveCfg = Release|Any CPU
		{57727203-521C-4740-A437-D352ECD12B23}.Release|Any CPU.Build.0 = Release|Any CPU
		{0D82B00A-1190-434A-856C-3C635DBFC687}.Debug|Any CPU.ActiveCfg = Debug|Any CPU
		{0D82B00A-1190-434A-856C-3C635DBFC687}.Debug|Any CPU.Build.0 = Debug|Any CPU
		{0D82B00A-1190-434A-856C-3C635DBFC687}.Release|Any CPU.ActiveCfg = Release|Any CPU
		{0D82B00A-1190-434A-856C-3C635DBFC687}.Release|Any CPU.Build.0 = Release|Any CPU
		{D44F1242-F340-41B9-9472-89B03110AD04}.Debug|Any CPU.ActiveCfg = Debug|Any CPU
		{D44F1242-F340-41B9-9472-89B03110AD04}.Debug|Any CPU.Build.0 = Debug|Any CPU
		{D44F1242-F340-41B9-9472-89B03110AD04}.Release|Any CPU.ActiveCfg = Release|Any CPU
		{D44F1242-F340-41B9-9472-89B03110AD04}.Release|Any CPU.Build.0 = Release|Any CPU
		{87FCC873-5DA4-4C84-81E3-1C18C8BA5DD9}.Debug|Any CPU.ActiveCfg = Debug|Any CPU
		{87FCC873-5DA4-4C84-81E3-1C18C8BA5DD9}.Debug|Any CPU.Build.0 = Debug|Any CPU
		{87FCC873-5DA4-4C84-81E3-1C18C8BA5DD9}.Release|Any CPU.ActiveCfg = Release|Any CPU
		{87FCC873-5DA4-4C84-81E3-1C18C8BA5DD9}.Release|Any CPU.Build.0 = Release|Any CPU
	EndGlobalSection
	GlobalSection(SolutionProperties) = preSolution
		HideSolutionNode = FALSE
	EndGlobalSection
	GlobalSection(ExtensibilityGlobals) = postSolution
		SolutionGuid = {81D22930-4F75-436E-980C-CAEBD1BE2055}
	EndGlobalSection
EndGlobal
